
Microsoft Visual Studio Solution File, Format Version 12.00
# Visual Studio Version 17
VisualStudioVersion = 17.4.33213.308
MinimumVisualStudioVersion = 10.0.40219.1
Project("{9A19103F-16F7-4668-BE54-9A1E7A4F7556}") = "Maths_Engine", "..\..\Maths_Engine\Maths_Engine.csproj", "{5A63DE71-C401-4B99-B496-FC8B2D978F99}"
EndProject
Project("{9A19103F-16F7-4668-BE54-9A1E7A4F7556}") = "Maths_oM", "..\..\Maths_oM\Maths_oM.csproj", "{197411D0-7C5B-41DE-99BD-D04F28E0D7C4}"
EndProject
Project("{FAE04EC0-301F-11D3-BF4B-00C04F79EFBC}") = "Maths_Toolkit_Tests", "Maths_Toolkit_Tests\Maths_Toolkit_Tests.csproj", "{CAFC5E84-18EC-4E6C-BD65-A41863897CD7}"
EndProject
Global
	GlobalSection(SolutionConfigurationPlatforms) = preSolution
		Debug|Any CPU = Debug|Any CPU
		Release|Any CPU = Release|Any CPU
	EndGlobalSection
	GlobalSection(ProjectConfigurationPlatforms) = postSolution
		{5A63DE71-C401-4B99-B496-FC8B2D978F99}.Debug|Any CPU.ActiveCfg = Debug|Any CPU
		{5A63DE71-C401-4B99-B496-FC8B2D978F99}.Debug|Any CPU.Build.0 = Debug|Any CPU
		{5A63DE71-C401-4B99-B496-FC8B2D978F99}.Release|Any CPU.ActiveCfg = Release|Any CPU
		{5A63DE71-C401-4B99-B496-FC8B2D978F99}.Release|Any CPU.Build.0 = Release|Any CPU
		{197411D0-7C5B-41DE-99BD-D04F28E0D7C4}.Debug|Any CPU.ActiveCfg = Debug|Any CPU
		{197411D0-7C5B-41DE-99BD-D04F28E0D7C4}.Debug|Any CPU.Build.0 = Debug|Any CPU
		{197411D0-7C5B-41DE-99BD-D04F28E0D7C4}.Release|Any CPU.ActiveCfg = Release|Any CPU
		{197411D0-7C5B-41DE-99BD-D04F28E0D7C4}.Release|Any CPU.Build.0 = Release|Any CPU
		{CAFC5E84-18EC-4E6C-BD65-A41863897CD7}.Debug|Any CPU.ActiveCfg = Debug|Any CPU
		{CAFC5E84-18EC-4E6C-BD65-A41863897CD7}.Debug|Any CPU.Build.0 = Debug|Any CPU
		{CAFC5E84-18EC-4E6C-BD65-A41863897CD7}.Release|Any CPU.ActiveCfg = Release|Any CPU
		{CAFC5E84-18EC-4E6C-BD65-A41863897CD7}.Release|Any CPU.Build.0 = Release|Any CPU
	EndGlobalSection
	GlobalSection(SolutionProperties) = preSolution
		HideSolutionNode = FALSE
	EndGlobalSection
	GlobalSection(ExtensibilityGlobals) = postSolution
		SolutionGuid = {4FDEC58A-E034-445B-8458-AABC5B825DAF}
	EndGlobalSection
EndGlobal
